// !$*UTF8*$!
{
	archiveVersion = 1;
	classes = {
	};
	objectVersion = 46;
	objects = {

/* Begin PBXBuildFile section */
		7D0EF4A2170883940003ED47 /* Foundation.framework in Frameworks */ = {isa = PBXBuildFile; fileRef = 7D0EF4A1170883940003ED47 /* Foundation.framework */; };
		7D0EF529170885130003ED47 /* MLFile.m in Sources */ = {isa = PBXBuildFile; fileRef = 7D0EF519170885130003ED47 /* MLFile.m */; };
		7D0EF52B170885130003ED47 /* MLLabel.m in Sources */ = {isa = PBXBuildFile; fileRef = 7D0EF51C170885130003ED47 /* MLLabel.m */; };
		7D0EF52C170885130003ED47 /* MLMediaLibrary.m in Sources */ = {isa = PBXBuildFile; fileRef = 7D0EF51D170885130003ED47 /* MLMediaLibrary.m */; };
		7D0EF52E170885130003ED47 /* MLShow.m in Sources */ = {isa = PBXBuildFile; fileRef = 7D0EF51F170885130003ED47 /* MLShow.m */; };
		7D0EF52F170885130003ED47 /* MLShowEpisode.m in Sources */ = {isa = PBXBuildFile; fileRef = 7D0EF520170885130003ED47 /* MLShowEpisode.m */; };
		7D2DF7D31B677F1700FB78AB /* MediaLibraryKit.h in Headers */ = {isa = PBXBuildFile; fileRef = 7D0EF510170885130003ED47 /* MediaLibraryKit.h */; settings = {ATTRIBUTES = (Public, ); }; };
		7D2DF7D41B677F1700FB78AB /* MLAlbum.h in Headers */ = {isa = PBXBuildFile; fileRef = 7D9E238117AEE9F2008485E5 /* MLAlbum.h */; settings = {ATTRIBUTES = (Public, ); }; };
		7D2DF7D51B677F1700FB78AB /* MLAlbumTrack.h in Headers */ = {isa = PBXBuildFile; fileRef = 7D9E238417AEEA13008485E5 /* MLAlbumTrack.h */; settings = {ATTRIBUTES = (Public, ); }; };
		7D2DF7D61B677F1700FB78AB /* MLFile.h in Headers */ = {isa = PBXBuildFile; fileRef = 7D0EF511170885130003ED47 /* MLFile.h */; settings = {ATTRIBUTES = (Public, ); }; };
		7D2DF7D71B677F1700FB78AB /* MLLabel.h in Headers */ = {isa = PBXBuildFile; fileRef = 7D0EF512170885130003ED47 /* MLLabel.h */; settings = {ATTRIBUTES = (Public, ); }; };
		7D2DF7D81B677F1700FB78AB /* MLMediaLibrary.h in Headers */ = {isa = PBXBuildFile; fileRef = 7D0EF513170885130003ED47 /* MLMediaLibrary.h */; settings = {ATTRIBUTES = (Public, ); }; };
		7D2DF7D91B677F1700FB78AB /* MLShow.h in Headers */ = {isa = PBXBuildFile; fileRef = 7D0EF514170885130003ED47 /* MLShow.h */; settings = {ATTRIBUTES = (Public, ); }; };
		7D2DF7DA1B677F1700FB78AB /* MLShowEpisode.h in Headers */ = {isa = PBXBuildFile; fileRef = 7D0EF515170885130003ED47 /* MLShowEpisode.h */; settings = {ATTRIBUTES = (Public, ); }; };
		7D2DF7E81B677F3100FB78AB /* MLFile.m in Sources */ = {isa = PBXBuildFile; fileRef = 7D0EF519170885130003ED47 /* MLFile.m */; };
		7D2DF7EA1B677F3100FB78AB /* MLLabel.m in Sources */ = {isa = PBXBuildFile; fileRef = 7D0EF51C170885130003ED47 /* MLLabel.m */; };
		7D2DF7EB1B677F3100FB78AB /* MLMediaLibrary.m in Sources */ = {isa = PBXBuildFile; fileRef = 7D0EF51D170885130003ED47 /* MLMediaLibrary.m */; };
		7D2DF7EE1B677F3100FB78AB /* MLShow.m in Sources */ = {isa = PBXBuildFile; fileRef = 7D0EF51F170885130003ED47 /* MLShow.m */; };
		7D2DF7EF1B677F3100FB78AB /* MLShowEpisode.m in Sources */ = {isa = PBXBuildFile; fileRef = 7D0EF520170885130003ED47 /* MLShowEpisode.m */; };
		7D2DF7F01B677F3100FB78AB /* MLAlbum.m in Sources */ = {isa = PBXBuildFile; fileRef = 7D9E238717AEEA71008485E5 /* MLAlbum.m */; };
		7D2DF7F11B677F3100FB78AB /* MLAlbumTrack.m in Sources */ = {isa = PBXBuildFile; fileRef = 7D9E238517AEEA13008485E5 /* MLAlbumTrack.m */; };
		7D84E4E91B42BA9900EA7D1F /* MLFile.m in Sources */ = {isa = PBXBuildFile; fileRef = 7D0EF519170885130003ED47 /* MLFile.m */; };
		7D84E4EC1B42BA9900EA7D1F /* MLLabel.m in Sources */ = {isa = PBXBuildFile; fileRef = 7D0EF51C170885130003ED47 /* MLLabel.m */; };
		7D84E4ED1B42BA9900EA7D1F /* MLMediaLibrary.m in Sources */ = {isa = PBXBuildFile; fileRef = 7D0EF51D170885130003ED47 /* MLMediaLibrary.m */; };
		7D84E4EF1B42BA9900EA7D1F /* MLShow.m in Sources */ = {isa = PBXBuildFile; fileRef = 7D0EF51F170885130003ED47 /* MLShow.m */; };
		7D84E4F01B42BA9900EA7D1F /* MLShowEpisode.m in Sources */ = {isa = PBXBuildFile; fileRef = 7D0EF520170885130003ED47 /* MLShowEpisode.m */; };
		7D84E4F71B42BA9900EA7D1F /* MLAlbumTrack.m in Sources */ = {isa = PBXBuildFile; fileRef = 7D9E238517AEEA13008485E5 /* MLAlbumTrack.m */; };
		7D84E4F81B42BA9900EA7D1F /* MLAlbum.m in Sources */ = {isa = PBXBuildFile; fileRef = 7D9E238717AEEA71008485E5 /* MLAlbum.m */; };
		7D84E50A1B42BA9900EA7D1F /* Foundation.framework in Frameworks */ = {isa = PBXBuildFile; fileRef = 7D0EF4A1170883940003ED47 /* Foundation.framework */; };
		7D84E50C1B42BA9900EA7D1F /* MLAlbum.h in Copy Files */ = {isa = PBXBuildFile; fileRef = 7D9E238117AEE9F2008485E5 /* MLAlbum.h */; };
		7D84E50D1B42BA9900EA7D1F /* MLAlbumTrack.h in Copy Files */ = {isa = PBXBuildFile; fileRef = 7D9E238417AEEA13008485E5 /* MLAlbumTrack.h */; };
		7D84E50E1B42BA9900EA7D1F /* MediaLibraryKit.h in Copy Files */ = {isa = PBXBuildFile; fileRef = 7D0EF510170885130003ED47 /* MediaLibraryKit.h */; };
		7D84E50F1B42BA9900EA7D1F /* MLFile.h in Copy Files */ = {isa = PBXBuildFile; fileRef = 7D0EF511170885130003ED47 /* MLFile.h */; };
		7D84E5101B42BA9900EA7D1F /* MLLabel.h in Copy Files */ = {isa = PBXBuildFile; fileRef = 7D0EF512170885130003ED47 /* MLLabel.h */; };
		7D84E5111B42BA9900EA7D1F /* MLMediaLibrary.h in Copy Files */ = {isa = PBXBuildFile; fileRef = 7D0EF513170885130003ED47 /* MLMediaLibrary.h */; };
		7D84E5121B42BA9900EA7D1F /* MLShow.h in Copy Files */ = {isa = PBXBuildFile; fileRef = 7D0EF514170885130003ED47 /* MLShow.h */; };
		7D84E5131B42BA9900EA7D1F /* MLShowEpisode.h in Copy Files */ = {isa = PBXBuildFile; fileRef = 7D0EF515170885130003ED47 /* MLShowEpisode.h */; };
		7D9E238617AEEA13008485E5 /* MLAlbumTrack.m in Sources */ = {isa = PBXBuildFile; fileRef = 7D9E238517AEEA13008485E5 /* MLAlbumTrack.m */; };
		7D9E238817AEEA71008485E5 /* MLAlbum.m in Sources */ = {isa = PBXBuildFile; fileRef = 7D9E238717AEEA71008485E5 /* MLAlbum.m */; };
		7D9E238917AF0711008485E5 /* MLAlbum.h in Copy Files */ = {isa = PBXBuildFile; fileRef = 7D9E238117AEE9F2008485E5 /* MLAlbum.h */; };
		7D9E238A17AF0711008485E5 /* MLAlbumTrack.h in Copy Files */ = {isa = PBXBuildFile; fileRef = 7D9E238417AEEA13008485E5 /* MLAlbumTrack.h */; };
		8D05F9D91F2F9863003000B6 /* MLGenre.h in Copy Files */ = {isa = PBXBuildFile; fileRef = 8DBE03E41F2F6A290061C878 /* MLGenre.h */; };
		8D05F9DC1F309AF9003000B6 /* MLFolder.m in Sources */ = {isa = PBXBuildFile; fileRef = 8D05F9DB1F309AF9003000B6 /* MLFolder.m */; };
		8D31CE401F0A6873005A2895 /* MLArtist.m in Sources */ = {isa = PBXBuildFile; fileRef = 8D31CE3F1F0A6873005A2895 /* MLArtist.m */; };
		8D3D64DC1F1D671F008E178E /* libjpeg.a in Frameworks */ = {isa = PBXBuildFile; fileRef = 8D3D64DA1F1D671F008E178E /* libjpeg.a */; };
		8D3D64DD1F1D671F008E178E /* libsqlite3.a in Frameworks */ = {isa = PBXBuildFile; fileRef = 8D3D64DB1F1D671F008E178E /* libsqlite3.a */; };
		8D44EC781F054F90007F2C54 /* libmedialibrary.a in Frameworks */ = {isa = PBXBuildFile; fileRef = 8D44EC641F03C084007F2C54 /* libmedialibrary.a */; };
		8D7910EF1F0D270B00D2E573 /* MLArtist.h in Copy Files */ = {isa = PBXBuildFile; fileRef = 8D31CE3E1F0A6873005A2895 /* MLArtist.h */; };
		8D8078EA1F1F9A9A00CCFA56 /* MLMedia.h in Copy Files */ = {isa = PBXBuildFile; fileRef = 8DC6C4061F1E769B00FB8D07 /* MLMedia.h */; };
		8D90D0E81F2B7BEF00DBB850 /* MLPlaylist.m in Sources */ = {isa = PBXBuildFile; fileRef = 8D90D0E71F2B7BEF00DBB850 /* MLPlaylist.m */; };
		8D90D0EC1F2B9DDC00DBB850 /* MLHistoryEntry.m in Sources */ = {isa = PBXBuildFile; fileRef = 8D90D0EB1F2B9DDC00DBB850 /* MLHistoryEntry.m */; };
		8D90D0ED1F2BA53300DBB850 /* MLPlaylist.h in Copy Files */ = {isa = PBXBuildFile; fileRef = 8D90D0E61F2B7BEF00DBB850 /* MLPlaylist.h */; };
		8DBE03E61F2F6A290061C878 /* MLGenre.m in Sources */ = {isa = PBXBuildFile; fileRef = 8DBE03E51F2F6A290061C878 /* MLGenre.m */; };
		8DC50D7E1F30B3B700D6CCED /* MLFolder.h in Copy Files */ = {isa = PBXBuildFile; fileRef = 8D05F9DA1F309AF9003000B6 /* MLFolder.h */; };
		8DC50D7F1F30B3B700D6CCED /* MLHistoryEntry.h in Copy Files */ = {isa = PBXBuildFile; fileRef = 8D90D0EA1F2B9DDC00DBB850 /* MLHistoryEntry.h */; };
		8DC50D871F30CBD700D6CCED /* MLMovie.m in Sources */ = {isa = PBXBuildFile; fileRef = 8DC50D861F30CBD700D6CCED /* MLMovie.m */; };
		8DC6C4081F1E769B00FB8D07 /* MLMedia.m in Sources */ = {isa = PBXBuildFile; fileRef = 8DC6C4071F1E769B00FB8D07 /* MLMedia.m */; };
		8DC817581F2150A800DEEF9D /* libmedialibrary_macos.a in Frameworks */ = {isa = PBXBuildFile; fileRef = 8DC817571F21505600DEEF9D /* libmedialibrary_macos.a */; };
		8DC817651F2760C900DEEF9D /* MLMediaMetadata.m in Sources */ = {isa = PBXBuildFile; fileRef = 8DC817641F2760C900DEEF9D /* MLMediaMetadata.m */; };
		A7924688170F09A30036AAF2 /* MediaLibraryKit.h in Copy Files */ = {isa = PBXBuildFile; fileRef = 7D0EF510170885130003ED47 /* MediaLibraryKit.h */; };
		A7924689170F09A30036AAF2 /* MLFile.h in Copy Files */ = {isa = PBXBuildFile; fileRef = 7D0EF511170885130003ED47 /* MLFile.h */; };
		A792468A170F09A30036AAF2 /* MLLabel.h in Copy Files */ = {isa = PBXBuildFile; fileRef = 7D0EF512170885130003ED47 /* MLLabel.h */; };
		A792468B170F09A30036AAF2 /* MLMediaLibrary.h in Copy Files */ = {isa = PBXBuildFile; fileRef = 7D0EF513170885130003ED47 /* MLMediaLibrary.h */; };
		A792468C170F09A30036AAF2 /* MLShow.h in Copy Files */ = {isa = PBXBuildFile; fileRef = 7D0EF514170885130003ED47 /* MLShow.h */; };
		A792468D170F09A30036AAF2 /* MLShowEpisode.h in Copy Files */ = {isa = PBXBuildFile; fileRef = 7D0EF515170885130003ED47 /* MLShowEpisode.h */; };
/* End PBXBuildFile section */

/* Begin PBXCopyFilesBuildPhase section */
		7D0EF49C170883940003ED47 /* Copy Files */ = {
			isa = PBXCopyFilesBuildPhase;
			buildActionMask = 2147483647;
			dstPath = "${PRODUCT_NAME}";
			dstSubfolderSpec = 16;
			files = (
				8DC50D7E1F30B3B700D6CCED /* MLFolder.h in Copy Files */,
				8DC50D7F1F30B3B700D6CCED /* MLHistoryEntry.h in Copy Files */,
				8D05F9D91F2F9863003000B6 /* MLGenre.h in Copy Files */,
				8D90D0ED1F2BA53300DBB850 /* MLPlaylist.h in Copy Files */,
				8D8078EA1F1F9A9A00CCFA56 /* MLMedia.h in Copy Files */,
				8D7910EF1F0D270B00D2E573 /* MLArtist.h in Copy Files */,
				7D9E238917AF0711008485E5 /* MLAlbum.h in Copy Files */,
				7D9E238A17AF0711008485E5 /* MLAlbumTrack.h in Copy Files */,
				A7924688170F09A30036AAF2 /* MediaLibraryKit.h in Copy Files */,
				A7924689170F09A30036AAF2 /* MLFile.h in Copy Files */,
				A792468A170F09A30036AAF2 /* MLLabel.h in Copy Files */,
				A792468B170F09A30036AAF2 /* MLMediaLibrary.h in Copy Files */,
				A792468C170F09A30036AAF2 /* MLShow.h in Copy Files */,
				A792468D170F09A30036AAF2 /* MLShowEpisode.h in Copy Files */,
			);
			name = "Copy Files";
			runOnlyForDeploymentPostprocessing = 0;
		};
		7D84E50B1B42BA9900EA7D1F /* Copy Files */ = {
			isa = PBXCopyFilesBuildPhase;
			buildActionMask = 2147483647;
			dstPath = "${PRODUCT_NAME}/MediaLibraryKit";
			dstSubfolderSpec = 16;
			files = (
				7D84E50C1B42BA9900EA7D1F /* MLAlbum.h in Copy Files */,
				7D84E50D1B42BA9900EA7D1F /* MLAlbumTrack.h in Copy Files */,
				7D84E50E1B42BA9900EA7D1F /* MediaLibraryKit.h in Copy Files */,
				7D84E50F1B42BA9900EA7D1F /* MLFile.h in Copy Files */,
				7D84E5101B42BA9900EA7D1F /* MLLabel.h in Copy Files */,
				7D84E5111B42BA9900EA7D1F /* MLMediaLibrary.h in Copy Files */,
				7D84E5121B42BA9900EA7D1F /* MLShow.h in Copy Files */,
				7D84E5131B42BA9900EA7D1F /* MLShowEpisode.h in Copy Files */,
			);
			name = "Copy Files";
			runOnlyForDeploymentPostprocessing = 0;
		};
/* End PBXCopyFilesBuildPhase section */

/* Begin PBXFileReference section */
		7D0EF49E170883940003ED47 /* libMediaLibraryKit.a */ = {isa = PBXFileReference; explicitFileType = archive.ar; includeInIndex = 0; path = libMediaLibraryKit.a; sourceTree = BUILT_PRODUCTS_DIR; };
		7D0EF4A1170883940003ED47 /* Foundation.framework */ = {isa = PBXFileReference; lastKnownFileType = wrapper.framework; name = Foundation.framework; path = System/Library/Frameworks/Foundation.framework; sourceTree = SDKROOT; };
		7D0EF4DF170883D80003ED47 /* MediaLibraryKit_Prefix.pch */ = {isa = PBXFileReference; fileEncoding = 4; lastKnownFileType = sourcecode.c.h; path = MediaLibraryKit_Prefix.pch; sourceTree = "<group>"; };
		7D0EF510170885130003ED47 /* MediaLibraryKit.h */ = {isa = PBXFileReference; fileEncoding = 4; lastKnownFileType = sourcecode.c.h; path = MediaLibraryKit.h; sourceTree = "<group>"; };
		7D0EF511170885130003ED47 /* MLFile.h */ = {isa = PBXFileReference; fileEncoding = 4; lastKnownFileType = sourcecode.c.h; path = MLFile.h; sourceTree = "<group>"; };
		7D0EF512170885130003ED47 /* MLLabel.h */ = {isa = PBXFileReference; fileEncoding = 4; lastKnownFileType = sourcecode.c.h; path = MLLabel.h; sourceTree = "<group>"; };
		7D0EF513170885130003ED47 /* MLMediaLibrary.h */ = {isa = PBXFileReference; fileEncoding = 4; lastKnownFileType = sourcecode.c.h; path = MLMediaLibrary.h; sourceTree = "<group>"; };
		7D0EF514170885130003ED47 /* MLShow.h */ = {isa = PBXFileReference; fileEncoding = 4; lastKnownFileType = sourcecode.c.h; path = MLShow.h; sourceTree = "<group>"; };
		7D0EF515170885130003ED47 /* MLShowEpisode.h */ = {isa = PBXFileReference; fileEncoding = 4; lastKnownFileType = sourcecode.c.h; path = MLShowEpisode.h; sourceTree = "<group>"; };
		7D0EF519170885130003ED47 /* MLFile.m */ = {isa = PBXFileReference; fileEncoding = 4; lastKnownFileType = sourcecode.c.objc; path = MLFile.m; sourceTree = "<group>"; };
		7D0EF51C170885130003ED47 /* MLLabel.m */ = {isa = PBXFileReference; fileEncoding = 4; lastKnownFileType = sourcecode.c.objc; path = MLLabel.m; sourceTree = "<group>"; };
		7D0EF51D170885130003ED47 /* MLMediaLibrary.m */ = {isa = PBXFileReference; fileEncoding = 4; lastKnownFileType = sourcecode.c.objc; path = MLMediaLibrary.m; sourceTree = "<group>"; };
		7D0EF51F170885130003ED47 /* MLShow.m */ = {isa = PBXFileReference; fileEncoding = 4; lastKnownFileType = sourcecode.c.objc; path = MLShow.m; sourceTree = "<group>"; };
		7D0EF520170885130003ED47 /* MLShowEpisode.m */ = {isa = PBXFileReference; fileEncoding = 4; lastKnownFileType = sourcecode.c.objc; path = MLShowEpisode.m; sourceTree = "<group>"; };
		7D2DF7CB1B677EE600FB78AB /* MediaLibraryKit.framework */ = {isa = PBXFileReference; explicitFileType = wrapper.framework; includeInIndex = 0; path = MediaLibraryKit.framework; sourceTree = BUILT_PRODUCTS_DIR; };
		7D2DF7CF1B677EE600FB78AB /* Info.plist */ = {isa = PBXFileReference; lastKnownFileType = text.plist.xml; name = Info.plist; path = "MediaLibraryKit-watchOS/Info.plist"; sourceTree = SOURCE_ROOT; };
		7D84E5181B42BA9900EA7D1F /* libMediaLibraryKit-readonly.a */ = {isa = PBXFileReference; explicitFileType = archive.ar; includeInIndex = 0; path = "libMediaLibraryKit-readonly.a"; sourceTree = BUILT_PRODUCTS_DIR; };
		7D9E238117AEE9F2008485E5 /* MLAlbum.h */ = {isa = PBXFileReference; fileEncoding = 4; lastKnownFileType = sourcecode.c.h; path = MLAlbum.h; sourceTree = "<group>"; };
		7D9E238417AEEA13008485E5 /* MLAlbumTrack.h */ = {isa = PBXFileReference; fileEncoding = 4; lastKnownFileType = sourcecode.c.h; path = MLAlbumTrack.h; sourceTree = "<group>"; };
		7D9E238517AEEA13008485E5 /* MLAlbumTrack.m */ = {isa = PBXFileReference; fileEncoding = 4; lastKnownFileType = sourcecode.c.objc; path = MLAlbumTrack.m; sourceTree = "<group>"; };
		7D9E238717AEEA71008485E5 /* MLAlbum.m */ = {isa = PBXFileReference; fileEncoding = 4; lastKnownFileType = sourcecode.c.objc; path = MLAlbum.m; sourceTree = "<group>"; };
		8D05F9D81F2F97D2003000B6 /* MLLabel+Init.h */ = {isa = PBXFileReference; lastKnownFileType = sourcecode.c.h; path = "MLLabel+Init.h"; sourceTree = "<group>"; };
		8D05F9DA1F309AF9003000B6 /* MLFolder.h */ = {isa = PBXFileReference; lastKnownFileType = sourcecode.c.h; name = MLFolder.h; path = Headers/Public/MLFolder.h; sourceTree = SOURCE_ROOT; };
		8D05F9DB1F309AF9003000B6 /* MLFolder.m */ = {isa = PBXFileReference; lastKnownFileType = sourcecode.c.objc; name = MLFolder.m; path = Sources/MLFolder.m; sourceTree = SOURCE_ROOT; };
		8D05F9DD1F309C13003000B6 /* MLHistoryEntry+Init.h */ = {isa = PBXFileReference; lastKnownFileType = sourcecode.c.h; path = "MLHistoryEntry+Init.h"; sourceTree = "<group>"; };
		8D31CE3E1F0A6873005A2895 /* MLArtist.h */ = {isa = PBXFileReference; fileEncoding = 4; lastKnownFileType = sourcecode.c.h; name = MLArtist.h; path = ../../Sources/MLArtist.h; sourceTree = "<group>"; };
		8D31CE3F1F0A6873005A2895 /* MLArtist.m */ = {isa = PBXFileReference; fileEncoding = 4; lastKnownFileType = sourcecode.c.objc; path = MLArtist.m; sourceTree = "<group>"; };
		8D31CE481F0B9917005A2895 /* Medialibrary.h */ = {isa = PBXFileReference; lastKnownFileType = sourcecode.c.h; path = Medialibrary.h; sourceTree = "<group>"; };
		8D34CEA11F2F93F7003A7DB6 /* MLGenre+Init.h */ = {isa = PBXFileReference; lastKnownFileType = sourcecode.c.h; name = "MLGenre+Init.h"; path = "Headers/Internal/MLGenre+Init.h"; sourceTree = SOURCE_ROOT; };
		8D3D64DA1F1D671F008E178E /* libjpeg.a */ = {isa = PBXFileReference; lastKnownFileType = archive.ar; name = libjpeg.a; path = libmedialibrary/medialibrary/build/libjpeg.a; sourceTree = "<group>"; };
		8D3D64DB1F1D671F008E178E /* libsqlite3.a */ = {isa = PBXFileReference; lastKnownFileType = archive.ar; name = libsqlite3.a; path = libmedialibrary/medialibrary/build/libsqlite3.a; sourceTree = "<group>"; };
		8D44EC631F03C084007F2C54 /* libmedialibrary_macos.a */ = {isa = PBXFileReference; lastKnownFileType = archive.ar; name = libmedialibrary_macos.a; path = ../medialibrary/build/.libs/libmedialibrary_macos.a; sourceTree = "<group>"; };
		8D44EC641F03C084007F2C54 /* libmedialibrary.a */ = {isa = PBXFileReference; lastKnownFileType = archive.ar; name = libmedialibrary.a; path = ../medialibrary/build/.libs/libmedialibrary.a; sourceTree = "<group>"; };
		8D90D0DD1F2A41DB00DBB850 /* MLMedia+Init.h */ = {isa = PBXFileReference; lastKnownFileType = sourcecode.c.h; path = "MLMedia+Init.h"; sourceTree = "<group>"; };
		8D90D0E11F2A543D00DBB850 /* MLAlbum+Init.h */ = {isa = PBXFileReference; lastKnownFileType = sourcecode.c.h; name = "MLAlbum+Init.h"; path = "Headers/Internal/MLAlbum+Init.h"; sourceTree = SOURCE_ROOT; };
		8D90D0E41F2B558000DBB850 /* MLArtist+Init.h */ = {isa = PBXFileReference; lastKnownFileType = sourcecode.c.h; path = "MLArtist+Init.h"; sourceTree = "<group>"; };
		8D90D0E61F2B7BEF00DBB850 /* MLPlaylist.h */ = {isa = PBXFileReference; lastKnownFileType = sourcecode.c.h; path = MLPlaylist.h; sourceTree = "<group>"; };
		8D90D0E71F2B7BEF00DBB850 /* MLPlaylist.m */ = {isa = PBXFileReference; lastKnownFileType = sourcecode.c.objc; path = MLPlaylist.m; sourceTree = "<group>"; };
		8D90D0E91F2B8E1200DBB850 /* MLPlaylist+Init.h */ = {isa = PBXFileReference; lastKnownFileType = sourcecode.c.h; path = "MLPlaylist+Init.h"; sourceTree = "<group>"; };
		8D90D0EA1F2B9DDC00DBB850 /* MLHistoryEntry.h */ = {isa = PBXFileReference; lastKnownFileType = sourcecode.c.h; path = MLHistoryEntry.h; sourceTree = "<group>"; };
		8D90D0EB1F2B9DDC00DBB850 /* MLHistoryEntry.m */ = {isa = PBXFileReference; lastKnownFileType = sourcecode.c.objc; path = MLHistoryEntry.m; sourceTree = "<group>"; };
		8DBE03E41F2F6A290061C878 /* MLGenre.h */ = {isa = PBXFileReference; lastKnownFileType = sourcecode.c.h; path = MLGenre.h; sourceTree = "<group>"; };
		8DBE03E51F2F6A290061C878 /* MLGenre.m */ = {isa = PBXFileReference; lastKnownFileType = sourcecode.c.objc; path = MLGenre.m; sourceTree = "<group>"; };
		8DC50D7C1F309CF100D6CCED /* MLFolder+Init.h */ = {isa = PBXFileReference; lastKnownFileType = sourcecode.c.h; path = "MLFolder+Init.h"; sourceTree = "<group>"; };
		8DC50D831F30C1E500D6CCED /* MLShow+Init.h */ = {isa = PBXFileReference; lastKnownFileType = sourcecode.c.h; path = "MLShow+Init.h"; sourceTree = "<group>"; };
		8DC50D841F30C30200D6CCED /* MLShowEpisode+Init.h */ = {isa = PBXFileReference; lastKnownFileType = sourcecode.c.h; path = "MLShowEpisode+Init.h"; sourceTree = "<group>"; };
		8DC50D851F30CBD700D6CCED /* MLMovie.h */ = {isa = PBXFileReference; lastKnownFileType = sourcecode.c.h; path = MLMovie.h; sourceTree = "<group>"; };
		8DC50D861F30CBD700D6CCED /* MLMovie.m */ = {isa = PBXFileReference; lastKnownFileType = sourcecode.c.objc; path = MLMovie.m; sourceTree = "<group>"; };
		8DC50D881F30CD5400D6CCED /* MLMovie+Init.h */ = {isa = PBXFileReference; lastKnownFileType = sourcecode.c.h; path = "MLMovie+Init.h"; sourceTree = "<group>"; };
		8DC50D891F31FFCD00D6CCED /* MLMediaMetadata+Init.h */ = {isa = PBXFileReference; lastKnownFileType = sourcecode.c.h; path = "MLMediaMetadata+Init.h"; sourceTree = "<group>"; };
		8DC50D8A1F320AF800D6CCED /* MLAlbumTrack+Init.h */ = {isa = PBXFileReference; lastKnownFileType = sourcecode.c.h; path = "MLAlbumTrack+Init.h"; sourceTree = "<group>"; };
		8DC50D8B1F320EC900D6CCED /* MLFile+Init.h */ = {isa = PBXFileReference; lastKnownFileType = sourcecode.c.h; path = "MLFile+Init.h"; sourceTree = "<group>"; };
		8DC6C4061F1E769B00FB8D07 /* MLMedia.h */ = {isa = PBXFileReference; lastKnownFileType = sourcecode.c.h; name = MLMedia.h; path = Sources/MLMedia.h; sourceTree = SOURCE_ROOT; };
		8DC6C4071F1E769B00FB8D07 /* MLMedia.m */ = {isa = PBXFileReference; lastKnownFileType = sourcecode.c.objc; name = MLMedia.m; path = Sources/MLMedia.m; sourceTree = SOURCE_ROOT; };
		8DC817571F21505600DEEF9D /* libmedialibrary_macos.a */ = {isa = PBXFileReference; lastKnownFileType = archive.ar; name = libmedialibrary_macos.a; path = libmedialibrary/medialibrary/build/libmedialibrary_macos.a; sourceTree = "<group>"; };
		8DC817631F2760C900DEEF9D /* MLMediaMetadata.h */ = {isa = PBXFileReference; lastKnownFileType = sourcecode.c.h; path = MLMediaMetadata.h; sourceTree = "<group>"; };
		8DC817641F2760C900DEEF9D /* MLMediaMetadata.m */ = {isa = PBXFileReference; lastKnownFileType = sourcecode.c.objc; path = MLMediaMetadata.m; sourceTree = "<group>"; };
/* End PBXFileReference section */

/* Begin PBXFrameworksBuildPhase section */
		7D0EF49B170883940003ED47 /* Frameworks */ = {
			isa = PBXFrameworksBuildPhase;
			buildActionMask = 2147483647;
			files = (
				7D0EF4A2170883940003ED47 /* Foundation.framework in Frameworks */,
				8D3D64DC1F1D671F008E178E /* libjpeg.a in Frameworks */,
				8D3D64DD1F1D671F008E178E /* libsqlite3.a in Frameworks */,
				8D44EC781F054F90007F2C54 /* libmedialibrary.a in Frameworks */,
				8DC817581F2150A800DEEF9D /* libmedialibrary_macos.a in Frameworks */,
			);
			runOnlyForDeploymentPostprocessing = 0;
		};
		7D2DF7C71B677EE600FB78AB /* Frameworks */ = {
			isa = PBXFrameworksBuildPhase;
			buildActionMask = 2147483647;
			files = (
			);
			runOnlyForDeploymentPostprocessing = 0;
		};
		7D84E5091B42BA9900EA7D1F /* Frameworks */ = {
			isa = PBXFrameworksBuildPhase;
			buildActionMask = 2147483647;
			files = (
				7D84E50A1B42BA9900EA7D1F /* Foundation.framework in Frameworks */,
			);
			runOnlyForDeploymentPostprocessing = 0;
		};
/* End PBXFrameworksBuildPhase section */

/* Begin PBXGroup section */
		7D0EF495170883940003ED47 = {
			isa = PBXGroup;
			children = (
				7D0EF506170885130003ED47 /* Headers */,
				7D0EF516170885130003ED47 /* Sources */,
				7D0EF4A4170883940003ED47 /* Supporting Files */,
				7D0EF4A0170883940003ED47 /* Frameworks */,
				7D0EF49F170883940003ED47 /* Products */,
			);
			sourceTree = "<group>";
			usesTabs = 0;
		};
		7D0EF49F170883940003ED47 /* Products */ = {
			isa = PBXGroup;
			children = (
				7D0EF49E170883940003ED47 /* libMediaLibraryKit.a */,
				7D84E5181B42BA9900EA7D1F /* libMediaLibraryKit-readonly.a */,
				7D2DF7CB1B677EE600FB78AB /* MediaLibraryKit.framework */,
			);
			name = Products;
			sourceTree = "<group>";
		};
		7D0EF4A0170883940003ED47 /* Frameworks */ = {
			isa = PBXGroup;
			children = (
				8DC817571F21505600DEEF9D /* libmedialibrary_macos.a */,
				8D3D64DA1F1D671F008E178E /* libjpeg.a */,
				8D3D64DB1F1D671F008E178E /* libsqlite3.a */,
				8D44EC631F03C084007F2C54 /* libmedialibrary_macos.a */,
				8D44EC641F03C084007F2C54 /* libmedialibrary.a */,
				7D0EF4A1170883940003ED47 /* Foundation.framework */,
			);
			name = Frameworks;
			sourceTree = "<group>";
		};
		7D0EF4A4170883940003ED47 /* Supporting Files */ = {
			isa = PBXGroup;
			children = (
				7D2DF7CF1B677EE600FB78AB /* Info.plist */,
				7D0EF4DF170883D80003ED47 /* MediaLibraryKit_Prefix.pch */,
			);
			name = "Supporting Files";
			path = MediaLibraryKit;
			sourceTree = "<group>";
		};
		7D0EF506170885130003ED47 /* Headers */ = {
			isa = PBXGroup;
			children = (
				7D0EF507170885130003ED47 /* Internal */,
				7D0EF50F170885130003ED47 /* Public */,
			);
			path = Headers;
			sourceTree = "<group>";
		};
		7D0EF507170885130003ED47 /* Internal */ = {
			isa = PBXGroup;
			children = (
				8D31CE481F0B9917005A2895 /* Medialibrary.h */,
				8D90D0E11F2A543D00DBB850 /* MLAlbum+Init.h */,
				8DC50D8A1F320AF800D6CCED /* MLAlbumTrack+Init.h */,
				8D90D0E41F2B558000DBB850 /* MLArtist+Init.h */,
				8DC50D8B1F320EC900D6CCED /* MLFile+Init.h */,
				8DC50D7C1F309CF100D6CCED /* MLFolder+Init.h */,
				8D34CEA11F2F93F7003A7DB6 /* MLGenre+Init.h */,
				8D05F9DD1F309C13003000B6 /* MLHistoryEntry+Init.h */,
				8D05F9D81F2F97D2003000B6 /* MLLabel+Init.h */,
				8D90D0DD1F2A41DB00DBB850 /* MLMedia+Init.h */,
				8DC50D891F31FFCD00D6CCED /* MLMediaMetadata+Init.h */,
				8DC50D881F30CD5400D6CCED /* MLMovie+Init.h */,
				8D90D0E91F2B8E1200DBB850 /* MLPlaylist+Init.h */,
				8DC50D831F30C1E500D6CCED /* MLShow+Init.h */,
				8DC50D841F30C30200D6CCED /* MLShowEpisode+Init.h */,
			);
			path = Internal;
			sourceTree = "<group>";
		};
		7D0EF50F170885130003ED47 /* Public */ = {
			isa = PBXGroup;
			children = (
				7D0EF510170885130003ED47 /* MediaLibraryKit.h */,
				7D9E238117AEE9F2008485E5 /* MLAlbum.h */,
				7D9E238417AEEA13008485E5 /* MLAlbumTrack.h */,
				8D31CE3E1F0A6873005A2895 /* MLArtist.h */,
				7D0EF511170885130003ED47 /* MLFile.h */,
				8D05F9DA1F309AF9003000B6 /* MLFolder.h */,
				8DBE03E41F2F6A290061C878 /* MLGenre.h */,
				8D90D0EA1F2B9DDC00DBB850 /* MLHistoryEntry.h */,
				7D0EF512170885130003ED47 /* MLLabel.h */,
				8DC6C4061F1E769B00FB8D07 /* MLMedia.h */,
				7D0EF513170885130003ED47 /* MLMediaLibrary.h */,
				8DC817631F2760C900DEEF9D /* MLMediaMetadata.h */,
				8DC50D851F30CBD700D6CCED /* MLMovie.h */,
				7D0EF514170885130003ED47 /* MLShow.h */,
				7D0EF515170885130003ED47 /* MLShowEpisode.h */,
				8D90D0E61F2B7BEF00DBB850 /* MLPlaylist.h */,
			);
			path = Public;
			sourceTree = "<group>";
		};
		7D0EF516170885130003ED47 /* Sources */ = {
			isa = PBXGroup;
			children = (
				7D9E238717AEEA71008485E5 /* MLAlbum.m */,
				8D31CE3F1F0A6873005A2895 /* MLArtist.m */,
				7D9E238517AEEA13008485E5 /* MLAlbumTrack.m */,
				8DC6C4071F1E769B00FB8D07 /* MLMedia.m */,
				7D0EF519170885130003ED47 /* MLFile.m */,
				8D05F9DB1F309AF9003000B6 /* MLFolder.m */,
				8DBE03E51F2F6A290061C878 /* MLGenre.m */,
				8D90D0EB1F2B9DDC00DBB850 /* MLHistoryEntry.m */,
				7D0EF51C170885130003ED47 /* MLLabel.m */,
				8DC6C4071F1E769B00FB8D07 /* MLMedia.m */,
				7D0EF51D170885130003ED47 /* MLMediaLibrary.m */,
				8DC50D861F30CBD700D6CCED /* MLMovie.m */,
				7D0EF51F170885130003ED47 /* MLShow.m */,
				7D0EF520170885130003ED47 /* MLShowEpisode.m */,
				8D90D0E71F2B7BEF00DBB850 /* MLPlaylist.m */,
				8DC817641F2760C900DEEF9D /* MLMediaMetadata.m */,
			);
			path = Sources;
			sourceTree = "<group>";
		};
/* End PBXGroup section */

/* Begin PBXHeadersBuildPhase section */
		7D2DF7C81B677EE600FB78AB /* Headers */ = {
			isa = PBXHeadersBuildPhase;
			buildActionMask = 2147483647;
			files = (
				7D2DF7D31B677F1700FB78AB /* MediaLibraryKit.h in Headers */,
				7D2DF7D41B677F1700FB78AB /* MLAlbum.h in Headers */,
				7D2DF7D51B677F1700FB78AB /* MLAlbumTrack.h in Headers */,
				7D2DF7D61B677F1700FB78AB /* MLFile.h in Headers */,
				7D2DF7D71B677F1700FB78AB /* MLLabel.h in Headers */,
				7D2DF7D81B677F1700FB78AB /* MLMediaLibrary.h in Headers */,
				7D2DF7D91B677F1700FB78AB /* MLShow.h in Headers */,
				7D2DF7DA1B677F1700FB78AB /* MLShowEpisode.h in Headers */,
			);
			runOnlyForDeploymentPostprocessing = 0;
		};
/* End PBXHeadersBuildPhase section */

/* Begin PBXNativeTarget section */
		7D0EF49D170883940003ED47 /* MediaLibraryKit */ = {
			isa = PBXNativeTarget;
			buildConfigurationList = 7D0EF4AC170883940003ED47 /* Build configuration list for PBXNativeTarget "MediaLibraryKit" */;
			buildPhases = (
				7D0EF49A170883940003ED47 /* Sources */,
				7D0EF49B170883940003ED47 /* Frameworks */,
				7D0EF49C170883940003ED47 /* Copy Files */,
			);
			buildRules = (
			);
			dependencies = (
			);
			name = MediaLibraryKit;
			productName = MediaLibraryKit;
			productReference = 7D0EF49E170883940003ED47 /* libMediaLibraryKit.a */;
			productType = "com.apple.product-type.library.static";
		};
		7D2DF7CA1B677EE600FB78AB /* MediaLibraryKit-watchOS */ = {
			isa = PBXNativeTarget;
			buildConfigurationList = 7D2DF7D01B677EE600FB78AB /* Build configuration list for PBXNativeTarget "MediaLibraryKit-watchOS" */;
			buildPhases = (
				7D2DF7C61B677EE600FB78AB /* Sources */,
				7D2DF7C71B677EE600FB78AB /* Frameworks */,
				7D2DF7C81B677EE600FB78AB /* Headers */,
				7D2DF7C91B677EE600FB78AB /* Resources */,
			);
			buildRules = (
			);
			dependencies = (
			);
			name = "MediaLibraryKit-watchOS";
			productName = "MediaLibraryKit-watchOS";
			productReference = 7D2DF7CB1B677EE600FB78AB /* MediaLibraryKit.framework */;
			productType = "com.apple.product-type.framework";
		};
		7D84E4E51B42BA9900EA7D1F /* MediaLibraryKit-readonly */ = {
			isa = PBXNativeTarget;
			buildConfigurationList = 7D84E5151B42BA9900EA7D1F /* Build configuration list for PBXNativeTarget "MediaLibraryKit-readonly" */;
			buildPhases = (
				7D84E4E61B42BA9900EA7D1F /* Sources */,
				7D84E5091B42BA9900EA7D1F /* Frameworks */,
				7D84E50B1B42BA9900EA7D1F /* Copy Files */,
			);
			buildRules = (
			);
			dependencies = (
			);
			name = "MediaLibraryKit-readonly";
			productName = MediaLibraryKit;
			productReference = 7D84E5181B42BA9900EA7D1F /* libMediaLibraryKit-readonly.a */;
			productType = "com.apple.product-type.library.static";
		};
/* End PBXNativeTarget section */

/* Begin PBXProject section */
		7D0EF496170883940003ED47 /* Project object */ = {
			isa = PBXProject;
			attributes = {
				LastUpgradeCheck = 0830;
				ORGANIZATIONNAME = VideoLAN;
				TargetAttributes = {
					7D2DF7CA1B677EE600FB78AB = {
						CreatedOnToolsVersion = 7.0;
					};
				};
			};
			buildConfigurationList = 7D0EF499170883940003ED47 /* Build configuration list for PBXProject "MediaLibraryKit" */;
			compatibilityVersion = "Xcode 3.2";
			developmentRegion = English;
			hasScannedForEncodings = 0;
			knownRegions = (
				en,
			);
			mainGroup = 7D0EF495170883940003ED47;
			productRefGroup = 7D0EF49F170883940003ED47 /* Products */;
			projectDirPath = "";
			projectRoot = "";
			targets = (
				7D0EF49D170883940003ED47 /* MediaLibraryKit */,
				7D84E4E51B42BA9900EA7D1F /* MediaLibraryKit-readonly */,
				7D2DF7CA1B677EE600FB78AB /* MediaLibraryKit-watchOS */,
			);
		};
/* End PBXProject section */

/* Begin PBXResourcesBuildPhase section */
		7D2DF7C91B677EE600FB78AB /* Resources */ = {
			isa = PBXResourcesBuildPhase;
			buildActionMask = 2147483647;
			files = (
			);
			runOnlyForDeploymentPostprocessing = 0;
		};
/* End PBXResourcesBuildPhase section */

/* Begin PBXSourcesBuildPhase section */
		7D0EF49A170883940003ED47 /* Sources */ = {
			isa = PBXSourcesBuildPhase;
			buildActionMask = 2147483647;
			files = (
				8DBE03E61F2F6A290061C878 /* MLGenre.m in Sources */,
				7D0EF529170885130003ED47 /* MLFile.m in Sources */,
				7D0EF52B170885130003ED47 /* MLLabel.m in Sources */,
				8D90D0E81F2B7BEF00DBB850 /* MLPlaylist.m in Sources */,
				8D90D0EC1F2B9DDC00DBB850 /* MLHistoryEntry.m in Sources */,
				8DC817651F2760C900DEEF9D /* MLMediaMetadata.m in Sources */,
				7D0EF52C170885130003ED47 /* MLMediaLibrary.m in Sources */,
				7D0EF52E170885130003ED47 /* MLShow.m in Sources */,
				7D0EF52F170885130003ED47 /* MLShowEpisode.m in Sources */,
				8DC6C4081F1E769B00FB8D07 /* MLMedia.m in Sources */,
				8D05F9DC1F309AF9003000B6 /* MLFolder.m in Sources */,
				7D9E238617AEEA13008485E5 /* MLAlbumTrack.m in Sources */,
				8DC50D871F30CBD700D6CCED /* MLMovie.m in Sources */,
				8D31CE401F0A6873005A2895 /* MLArtist.m in Sources */,
				7D9E238817AEEA71008485E5 /* MLAlbum.m in Sources */,
			);
			runOnlyForDeploymentPostprocessing = 0;
		};
		7D2DF7C61B677EE600FB78AB /* Sources */ = {
			isa = PBXSourcesBuildPhase;
			buildActionMask = 2147483647;
			files = (
				7D2DF7E81B677F3100FB78AB /* MLFile.m in Sources */,
				7D2DF7EA1B677F3100FB78AB /* MLLabel.m in Sources */,
				7D2DF7EB1B677F3100FB78AB /* MLMediaLibrary.m in Sources */,
				7D2DF7EE1B677F3100FB78AB /* MLShow.m in Sources */,
				7D2DF7EF1B677F3100FB78AB /* MLShowEpisode.m in Sources */,
				7D2DF7F01B677F3100FB78AB /* MLAlbum.m in Sources */,
				7D2DF7F11B677F3100FB78AB /* MLAlbumTrack.m in Sources */,
			);
			runOnlyForDeploymentPostprocessing = 0;
		};
		7D84E4E61B42BA9900EA7D1F /* Sources */ = {
			isa = PBXSourcesBuildPhase;
			buildActionMask = 2147483647;
			files = (
				7D84E4E91B42BA9900EA7D1F /* MLFile.m in Sources */,
				7D84E4EC1B42BA9900EA7D1F /* MLLabel.m in Sources */,
				7D84E4ED1B42BA9900EA7D1F /* MLMediaLibrary.m in Sources */,
				7D84E4EF1B42BA9900EA7D1F /* MLShow.m in Sources */,
				7D84E4F01B42BA9900EA7D1F /* MLShowEpisode.m in Sources */,
				7D84E4F71B42BA9900EA7D1F /* MLAlbumTrack.m in Sources */,
				7D84E4F81B42BA9900EA7D1F /* MLAlbum.m in Sources */,
			);
			runOnlyForDeploymentPostprocessing = 0;
		};
/* End PBXSourcesBuildPhase section */

/* Begin XCBuildConfiguration section */
		7D0EF4AA170883940003ED47 /* Debug */ = {
			isa = XCBuildConfiguration;
			buildSettings = {
				ALWAYS_SEARCH_USER_PATHS = YES;
				CLANG_CXX_LANGUAGE_STANDARD = "gnu++0x";
				CLANG_CXX_LIBRARY = "libc++";
				CLANG_ENABLE_OBJC_ARC = YES;
				CLANG_WARN_CONSTANT_CONVERSION = YES;
				CLANG_WARN_EMPTY_BODY = YES;
				CLANG_WARN_ENUM_CONVERSION = YES;
				CLANG_WARN_INT_CONVERSION = YES;
				CLANG_WARN__DUPLICATE_METHOD_MATCH = YES;
				COPY_PHASE_STRIP = NO;
				GCC_C_LANGUAGE_STANDARD = gnu99;
				GCC_DYNAMIC_NO_PIC = NO;
				GCC_INPUT_FILETYPE = sourcecode.cpp.objcpp;
				GCC_OPTIMIZATION_LEVEL = 0;
				GCC_PREPROCESSOR_DEFINITIONS = (
					"DEBUG=1",
					"$(inherited)",
				);
				GCC_SYMBOLS_PRIVATE_EXTERN = NO;
				GCC_WARN_ABOUT_RETURN_TYPE = YES;
				GCC_WARN_UNINITIALIZED_AUTOS = YES;
				GCC_WARN_UNUSED_VARIABLE = YES;
				HEADER_SEARCH_PATHS = (
					"$(inherited)",
					/Applications/Xcode.app/Contents/Developer/Toolchains/XcodeDefault.xctoolchain/usr/include,
					"$(SRCROOT)/libmedialibrary/medialibrary/include",
				);
				IPHONEOS_DEPLOYMENT_TARGET = 9.0;
				LIBRARY_SEARCH_PATHS = "$(SRCROOT)/libmedialibrary/medialibrary/build";
				ONLY_ACTIVE_ARCH = YES;
				OTHER_LDFLAGS = "$(inherited)";
				SDKROOT = iphoneos;
			};
			name = Debug;
		};
		7D0EF4AB170883940003ED47 /* Release */ = {
			isa = XCBuildConfiguration;
			buildSettings = {
				ALWAYS_SEARCH_USER_PATHS = YES;
				CLANG_CXX_LANGUAGE_STANDARD = "gnu++0x";
				CLANG_CXX_LIBRARY = "libc++";
				CLANG_ENABLE_OBJC_ARC = YES;
				CLANG_WARN_CONSTANT_CONVERSION = YES;
				CLANG_WARN_EMPTY_BODY = YES;
				CLANG_WARN_ENUM_CONVERSION = YES;
				CLANG_WARN_INT_CONVERSION = YES;
				CLANG_WARN__DUPLICATE_METHOD_MATCH = YES;
				COPY_PHASE_STRIP = YES;
				GCC_C_LANGUAGE_STANDARD = gnu99;
				GCC_INPUT_FILETYPE = sourcecode.cpp.objcpp;
				GCC_WARN_ABOUT_RETURN_TYPE = YES;
				GCC_WARN_UNINITIALIZED_AUTOS = YES;
				GCC_WARN_UNUSED_VARIABLE = YES;
				HEADER_SEARCH_PATHS = (
					"$(inherited)",
					/Applications/Xcode.app/Contents/Developer/Toolchains/XcodeDefault.xctoolchain/usr/include,
					"$(SRCROOT)/libmedialibrary/medialibrary/include",
				);
				IPHONEOS_DEPLOYMENT_TARGET = 9.0;
				LIBRARY_SEARCH_PATHS = "$(SRCROOT)/libmedialibrary/medialibrary/build";
				OTHER_LDFLAGS = "$(inherited)";
				SDKROOT = iphoneos;
				VALIDATE_PRODUCT = YES;
			};
			name = Release;
		};
		7D0EF4AD170883940003ED47 /* Debug */ = {
			isa = XCBuildConfiguration;
			buildSettings = {
				ARCHS = "$(ARCHS_STANDARD)";
				CLANG_ENABLE_OBJC_ARC = YES;
				DSTROOT = /tmp/MediaLibraryKit.dst;
				GCC_INPUT_FILETYPE = sourcecode.cpp.objcpp;
				GCC_PRECOMPILE_PREFIX_HEADER = YES;
				GCC_PREFIX_HEADER = MediaLibraryKit_Prefix.pch;
				HEADER_SEARCH_PATHS = (
					"$(inherited)",
					/Applications/Xcode.app/Contents/Developer/Toolchains/XcodeDefault.xctoolchain/usr/include,
				);
				IPHONEOS_DEPLOYMENT_TARGET = 8.0;
				LIBRARY_SEARCH_PATHS = "$(inherited)";
				OTHER_LDFLAGS = (
					"-ObjC",
					"$(inherited)",
				);
				PRODUCT_NAME = "$(TARGET_NAME)";
				SKIP_INSTALL = YES;
			};
			name = Debug;
		};
		7D0EF4AE170883940003ED47 /* Release */ = {
			isa = XCBuildConfiguration;
			buildSettings = {
				ARCHS = "$(ARCHS_STANDARD)";
				CLANG_ENABLE_OBJC_ARC = YES;
				DSTROOT = /tmp/MediaLibraryKit.dst;
				ENABLE_NS_ASSERTIONS = NO;
				GCC_INPUT_FILETYPE = sourcecode.cpp.objcpp;
				GCC_PRECOMPILE_PREFIX_HEADER = YES;
				GCC_PREFIX_HEADER = MediaLibraryKit_Prefix.pch;
				HEADER_SEARCH_PATHS = (
					"$(inherited)",
					/Applications/Xcode.app/Contents/Developer/Toolchains/XcodeDefault.xctoolchain/usr/include,
				);
				IPHONEOS_DEPLOYMENT_TARGET = 8.0;
				LIBRARY_SEARCH_PATHS = "$(inherited)";
				OTHER_LDFLAGS = (
					"-ObjC",
					"$(inherited)",
				);
				PRODUCT_NAME = "$(TARGET_NAME)";
				SKIP_INSTALL = YES;
			};
			name = Release;
		};
		7D2DF7D11B677EE600FB78AB /* Debug */ = {
			isa = XCBuildConfiguration;
			buildSettings = {
				ALWAYS_SEARCH_USER_PATHS = NO;
				APPLICATION_EXTENSION_API_ONLY = YES;
				CLANG_ENABLE_MODULES = YES;
				CLANG_ENABLE_OBJC_ARC = YES;
				CLANG_WARN_BOOL_CONVERSION = YES;
				CLANG_WARN_DIRECT_OBJC_ISA_USAGE = YES_ERROR;
				CLANG_WARN_OBJC_ROOT_CLASS = YES_ERROR;
				CLANG_WARN_UNREACHABLE_CODE = YES;
				"CODE_SIGN_IDENTITY[sdk=watchos*]" = "";
				CURRENT_PROJECT_VERSION = 1;
				DEBUG_INFORMATION_FORMAT = dwarf;
				DEFINES_MODULE = YES;
				DYLIB_COMPATIBILITY_VERSION = 1;
				DYLIB_CURRENT_VERSION = 1;
				DYLIB_INSTALL_NAME_BASE = "@rpath";
				ENABLE_STRICT_OBJC_MSGSEND = YES;
				ENABLE_TESTABILITY = YES;
				GCC_NO_COMMON_BLOCKS = YES;
				GCC_PRECOMPILE_PREFIX_HEADER = YES;
				GCC_PREFIX_HEADER = MediaLibraryKit_Prefix.pch;
				GCC_PREPROCESSOR_DEFINITIONS = (
					"$(inherited)",
					MLKIT_READONLY_TARGET,
				);
				GCC_WARN_64_TO_32_BIT_CONVERSION = YES;
				GCC_WARN_ABOUT_RETURN_TYPE = YES_ERROR;
				GCC_WARN_UNDECLARED_SELECTOR = YES;
				GCC_WARN_UNINITIALIZED_AUTOS = YES_AGGRESSIVE;
				GCC_WARN_UNUSED_FUNCTION = YES;
				INFOPLIST_FILE = "MediaLibraryKit-watchOS/Info.plist";
				INSTALL_PATH = "$(LOCAL_LIBRARY_DIR)/Frameworks";
				LD_RUNPATH_SEARCH_PATHS = "$(inherited) @executable_path/Frameworks @loader_path/Frameworks";
				MTL_ENABLE_DEBUG_INFO = YES;
				PRODUCT_BUNDLE_IDENTIFIER = "org.videolan.MediaLibraryKit-watchOS";
				PRODUCT_NAME = MediaLibraryKit;
				SDKROOT = watchos;
				SKIP_INSTALL = YES;
				TARGETED_DEVICE_FAMILY = 4;
				VERSIONING_SYSTEM = "apple-generic";
				VERSION_INFO_PREFIX = "";
				WATCHOS_DEPLOYMENT_TARGET = 2.0;
			};
			name = Debug;
		};
		7D2DF7D21B677EE600FB78AB /* Release */ = {
			isa = XCBuildConfiguration;
			buildSettings = {
				ALWAYS_SEARCH_USER_PATHS = NO;
				APPLICATION_EXTENSION_API_ONLY = YES;
				CLANG_ENABLE_MODULES = YES;
				CLANG_ENABLE_OBJC_ARC = YES;
				CLANG_WARN_BOOL_CONVERSION = YES;
				CLANG_WARN_DIRECT_OBJC_ISA_USAGE = YES_ERROR;
				CLANG_WARN_OBJC_ROOT_CLASS = YES_ERROR;
				CLANG_WARN_UNREACHABLE_CODE = YES;
				"CODE_SIGN_IDENTITY[sdk=watchos*]" = "";
				COPY_PHASE_STRIP = NO;
				CURRENT_PROJECT_VERSION = 1;
				DEBUG_INFORMATION_FORMAT = "dwarf-with-dsym";
				DEFINES_MODULE = YES;
				DYLIB_COMPATIBILITY_VERSION = 1;
				DYLIB_CURRENT_VERSION = 1;
				DYLIB_INSTALL_NAME_BASE = "@rpath";
				ENABLE_NS_ASSERTIONS = NO;
				ENABLE_STRICT_OBJC_MSGSEND = YES;
				GCC_NO_COMMON_BLOCKS = YES;
				GCC_PRECOMPILE_PREFIX_HEADER = YES;
				GCC_PREFIX_HEADER = MediaLibraryKit_Prefix.pch;
				GCC_PREPROCESSOR_DEFINITIONS = MLKIT_READONLY_TARGET;
				GCC_WARN_64_TO_32_BIT_CONVERSION = YES;
				GCC_WARN_ABOUT_RETURN_TYPE = YES_ERROR;
				GCC_WARN_UNDECLARED_SELECTOR = YES;
				GCC_WARN_UNINITIALIZED_AUTOS = YES_AGGRESSIVE;
				GCC_WARN_UNUSED_FUNCTION = YES;
				INFOPLIST_FILE = "MediaLibraryKit-watchOS/Info.plist";
				INSTALL_PATH = "$(LOCAL_LIBRARY_DIR)/Frameworks";
				LD_RUNPATH_SEARCH_PATHS = "$(inherited) @executable_path/Frameworks @loader_path/Frameworks";
				MTL_ENABLE_DEBUG_INFO = NO;
				PRODUCT_BUNDLE_IDENTIFIER = "org.videolan.MediaLibraryKit-watchOS";
				PRODUCT_NAME = MediaLibraryKit;
				SDKROOT = watchos;
				SKIP_INSTALL = YES;
				TARGETED_DEVICE_FAMILY = 4;
				VERSIONING_SYSTEM = "apple-generic";
				VERSION_INFO_PREFIX = "";
				WATCHOS_DEPLOYMENT_TARGET = 2.0;
			};
			name = Release;
		};
		7D84E5161B42BA9900EA7D1F /* Debug */ = {
			isa = XCBuildConfiguration;
			buildSettings = {
				ARCHS = (
					"$(ARCHS_STANDARD)",
					armv7s,
				);
				CLANG_ENABLE_OBJC_ARC = YES;
				DSTROOT = /tmp/MediaLibraryKit.dst;
				GCC_PRECOMPILE_PREFIX_HEADER = YES;
				GCC_PREFIX_HEADER = MediaLibraryKit_Prefix.pch;
				GCC_PREPROCESSOR_DEFINITIONS = (
					"DEBUG=1",
					"$(inherited)",
					MLKIT_READONLY_TARGET,
				);
				HEADER_SEARCH_PATHS = (
					"$(inherited)",
					/Applications/Xcode.app/Contents/Developer/Toolchains/XcodeDefault.xctoolchain/usr/include,
				);
				IPHONEOS_DEPLOYMENT_TARGET = 8.0;
				LIBRARY_SEARCH_PATHS = "$(inherited)";
				OTHER_LDFLAGS = "-ObjC";
				PRODUCT_NAME = "MediaLibraryKit-readonly";
				SKIP_INSTALL = YES;
			};
			name = Debug;
		};
		7D84E5171B42BA9900EA7D1F /* Release */ = {
			isa = XCBuildConfiguration;
			buildSettings = {
				ARCHS = (
					"$(ARCHS_STANDARD)",
					armv7s,
				);
				CLANG_ENABLE_OBJC_ARC = YES;
				DSTROOT = /tmp/MediaLibraryKit.dst;
				ENABLE_NS_ASSERTIONS = NO;
				GCC_PRECOMPILE_PREFIX_HEADER = YES;
				GCC_PREFIX_HEADER = MediaLibraryKit_Prefix.pch;
				GCC_PREPROCESSOR_DEFINITIONS = MLKIT_READONLY_TARGET;
				HEADER_SEARCH_PATHS = (
					"$(inherited)",
					/Applications/Xcode.app/Contents/Developer/Toolchains/XcodeDefault.xctoolchain/usr/include,
				);
				IPHONEOS_DEPLOYMENT_TARGET = 8.0;
				LIBRARY_SEARCH_PATHS = "$(inherited)";
				OTHER_LDFLAGS = "-ObjC";
				PRODUCT_NAME = "MediaLibraryKit-readonly";
				SKIP_INSTALL = YES;
			};
			name = Release;
		};
/* End XCBuildConfiguration section */

/* Begin XCConfigurationList section */
		7D0EF499170883940003ED47 /* Build configuration list for PBXProject "MediaLibraryKit" */ = {
			isa = XCConfigurationList;
			buildConfigurations = (
				7D0EF4AA170883940003ED47 /* Debug */,
				7D0EF4AB170883940003ED47 /* Release */,
			);
			defaultConfigurationIsVisible = 0;
			defaultConfigurationName = Release;
		};
		7D0EF4AC170883940003ED47 /* Build configuration list for PBXNativeTarget "MediaLibraryKit" */ = {
			isa = XCConfigurationList;
			buildConfigurations = (
				7D0EF4AD170883940003ED47 /* Debug */,
				7D0EF4AE170883940003ED47 /* Release */,
			);
			defaultConfigurationIsVisible = 0;
			defaultConfigurationName = Release;
		};
		7D2DF7D01B677EE600FB78AB /* Build configuration list for PBXNativeTarget "MediaLibraryKit-watchOS" */ = {
			isa = XCConfigurationList;
			buildConfigurations = (
				7D2DF7D11B677EE600FB78AB /* Debug */,
				7D2DF7D21B677EE600FB78AB /* Release */,
			);
			defaultConfigurationIsVisible = 0;
			defaultConfigurationName = Release;
		};
		7D84E5151B42BA9900EA7D1F /* Build configuration list for PBXNativeTarget "MediaLibraryKit-readonly" */ = {
			isa = XCConfigurationList;
			buildConfigurations = (
				7D84E5161B42BA9900EA7D1F /* Debug */,
				7D84E5171B42BA9900EA7D1F /* Release */,
			);
			defaultConfigurationIsVisible = 0;
			defaultConfigurationName = Release;
		};
/* End XCConfigurationList section */
	};
	rootObject = 7D0EF496170883940003ED47 /* Project object */;
}
